
Microsoft Visual Studio Solution File, Format Version 12.00
# Visual Studio Version 16
VisualStudioVersion = 16.0.810.23
MinimumVisualStudioVersion = 10.0.40219.1
Project("{FAE04EC0-301F-11D3-BF4B-00C04F79EFBC}") = "ReadFromExcelFIle", "ReadFromExcelFIle\ReadFromExcelFIle.csproj", "{DEC34B73-4B46-45AD-BFCB-4E072D527A26}"
EndProject
Global
	GlobalSection(SolutionConfigurationPlatforms) = preSolution
		Debug|Any CPU = Debug|Any CPU
		Release|Any CPU = Release|Any CPU
	EndGlobalSection
	GlobalSection(ProjectConfigurationPlatforms) = postSolution
		{DEC34B73-4B46-45AD-BFCB-4E072D527A26}.Debug|Any CPU.ActiveCfg = Debug|Any CPU
		{DEC34B73-4B46-45AD-BFCB-4E072D527A26}.Debug|Any CPU.Build.0 = Debug|Any CPU
		{DEC34B73-4B46-45AD-BFCB-4E072D527A26}.Release|Any CPU.ActiveCfg = Release|Any CPU
		{DEC34B73-4B46-45AD-BFCB-4E072D527A26}.Release|Any CPU.Build.0 = Release|Any CPU
	EndGlobalSection
	GlobalSection(SolutionProperties) = preSolution
		HideSolutionNode = FALSE
	EndGlobalSection
	GlobalSection(ExtensibilityGlobals) = postSolution
		SolutionGuid = {572DA91E-E2FD-44E3-9836-1296D3CA821B}
	EndGlobalSection
EndGlobal
