
Microsoft Visual Studio Solution File, Format Version 12.00
# Visual Studio Version 17
VisualStudioVersion = 17.0.31919.166
MinimumVisualStudioVersion = 10.0.40219.1
Project("{FAE04EC0-301F-11D3-BF4B-00C04F79EFBC}") = "jsonTesting", "jsonTesting\jsonTesting.csproj", "{28A46513-EE87-44A9-9FAC-14153EC29B5F}"
EndProject
Global
	GlobalSection(SolutionConfigurationPlatforms) = preSolution
		Debug|Any CPU = Debug|Any CPU
		Release|Any CPU = Release|Any CPU
	EndGlobalSection
	GlobalSection(ProjectConfigurationPlatforms) = postSolution
		{28A46513-EE87-44A9-9FAC-14153EC29B5F}.Debug|Any CPU.ActiveCfg = Debug|Any CPU
		{28A46513-EE87-44A9-9FAC-14153EC29B5F}.Debug|Any CPU.Build.0 = Debug|Any CPU
		{28A46513-EE87-44A9-9FAC-14153EC29B5F}.Release|Any CPU.ActiveCfg = Release|Any CPU
		{28A46513-EE87-44A9-9FAC-14153EC29B5F}.Release|Any CPU.Build.0 = Release|Any CPU
	EndGlobalSection
	GlobalSection(SolutionProperties) = preSolution
		HideSolutionNode = FALSE
	EndGlobalSection
	GlobalSection(ExtensibilityGlobals) = postSolution
		SolutionGuid = {549C3776-A604-4170-8600-AB90C4931586}
	EndGlobalSection
EndGlobal
